// !$*UTF8*$!
{
	archiveVersion = 1;
	classes = {
	};
	objectVersion = 46;
	objects = {

/* Begin PBXBuildFile section */
		026CDCADF961FBA4C13A5EE1 /* Pods_buysell_azusapacificUITests.framework in Frameworks */ = {isa = PBXBuildFile; fileRef = C96C80DA4E5FC6FA8C91C13E /* Pods_buysell_azusapacificUITests.framework */; };
		2C1327921EF340EA008ABC44 /* ItemCell.swift in Sources */ = {isa = PBXBuildFile; fileRef = 2C1327911EF340EA008ABC44 /* ItemCell.swift */; };
		2C1327941EF3494C008ABC44 /* Item.swift in Sources */ = {isa = PBXBuildFile; fileRef = 2C1327931EF3494C008ABC44 /* Item.swift */; };
		2C2351331EF436C4003B048F /* Assets.xcassets in Resources */ = {isa = PBXBuildFile; fileRef = 2C2351321EF436C4003B048F /* Assets.xcassets */; };
		2C2351351EF43ACE003B048F /* CircleImage.swift in Sources */ = {isa = PBXBuildFile; fileRef = 2C2351341EF43ACE003B048F /* CircleImage.swift */; };
		2C2351371EF440E9003B048F /* ItemViewVC.swift in Sources */ = {isa = PBXBuildFile; fileRef = 2C2351361EF440E9003B048F /* ItemViewVC.swift */; };
		2C36E8371EF308A20021EC1B /* GoogleService-Info.plist in Resources */ = {isa = PBXBuildFile; fileRef = 2C36E8361EF308A20021EC1B /* GoogleService-Info.plist */; };
		2C8F3C241EFB411F002DBBDB /* CameraVC.swift in Sources */ = {isa = PBXBuildFile; fileRef = 2C8F3C231EFB411F002DBBDB /* CameraVC.swift */; };
		2CD43ADC1EF2DF88003CAF19 /* AppDelegate.swift in Sources */ = {isa = PBXBuildFile; fileRef = 2CD43ADB1EF2DF88003CAF19 /* AppDelegate.swift */; };
		2CD43ADE1EF2DF88003CAF19 /* AuthenticationVC.swift in Sources */ = {isa = PBXBuildFile; fileRef = 2CD43ADD1EF2DF88003CAF19 /* AuthenticationVC.swift */; };
		2CD43AE11EF2DF88003CAF19 /* Main.storyboard in Resources */ = {isa = PBXBuildFile; fileRef = 2CD43ADF1EF2DF88003CAF19 /* Main.storyboard */; };
		2CD43AE61EF2DF88003CAF19 /* LaunchScreen.storyboard in Resources */ = {isa = PBXBuildFile; fileRef = 2CD43AE41EF2DF88003CAF19 /* LaunchScreen.storyboard */; };
		2CD43AF11EF2DF88003CAF19 /* buysell_azusapacificTests.swift in Sources */ = {isa = PBXBuildFile; fileRef = 2CD43AF01EF2DF88003CAF19 /* buysell_azusapacificTests.swift */; };
		2CD43AFC1EF2DF88003CAF19 /* buysell_azusapacificUITests.swift in Sources */ = {isa = PBXBuildFile; fileRef = 2CD43AFB1EF2DF88003CAF19 /* buysell_azusapacificUITests.swift */; };
		2CDF0E961EFB4637002C8C6F /* CreateItemVC.swift in Sources */ = {isa = PBXBuildFile; fileRef = 2CDF0E951EFB4636002C8C6F /* CreateItemVC.swift */; };
		2CEB11041EF3121B00BFD9B2 /* ItemListingsVC.swift in Sources */ = {isa = PBXBuildFile; fileRef = 2CEB11031EF3121B00BFD9B2 /* ItemListingsVC.swift */; };
		2CEB11061EF3122D00BFD9B2 /* UserProfileVC.swift in Sources */ = {isa = PBXBuildFile; fileRef = 2CEB11051EF3122D00BFD9B2 /* UserProfileVC.swift */; };
		92BB436E101EA349C9D9FB94 /* Pods_buysell_azusapacificTests.framework in Frameworks */ = {isa = PBXBuildFile; fileRef = 7330D3E95652E9253D6F1C63 /* Pods_buysell_azusapacificTests.framework */; };
		BF49AC5E1F018AAB007EB388 /* Global.swift in Sources */ = {isa = PBXBuildFile; fileRef = BF49AC5D1F018AAB007EB388 /* Global.swift */; };
		F2CE0593EDFB721357B3ED36 /* Pods_buysell_azusapacific.framework in Frameworks */ = {isa = PBXBuildFile; fileRef = D1FB98120D603E0B112A346B /* Pods_buysell_azusapacific.framework */; };
/* End PBXBuildFile section */

/* Begin PBXContainerItemProxy section */
		2CD43AED1EF2DF88003CAF19 /* PBXContainerItemProxy */ = {
			isa = PBXContainerItemProxy;
			containerPortal = 2CD43AD01EF2DF88003CAF19 /* Project object */;
			proxyType = 1;
			remoteGlobalIDString = 2CD43AD71EF2DF88003CAF19;
			remoteInfo = "buysell-azusapacific";
		};
		2CD43AF81EF2DF88003CAF19 /* PBXContainerItemProxy */ = {
			isa = PBXContainerItemProxy;
			containerPortal = 2CD43AD01EF2DF88003CAF19 /* Project object */;
			proxyType = 1;
			remoteGlobalIDString = 2CD43AD71EF2DF88003CAF19;
			remoteInfo = "buysell-azusapacific";
		};
/* End PBXContainerItemProxy section */

/* Begin PBXFileReference section */
		2C1327911EF340EA008ABC44 /* ItemCell.swift */ = {isa = PBXFileReference; fileEncoding = 4; lastKnownFileType = sourcecode.swift; path = ItemCell.swift; sourceTree = "<group>"; };
		2C1327931EF3494C008ABC44 /* Item.swift */ = {isa = PBXFileReference; fileEncoding = 4; lastKnownFileType = sourcecode.swift; path = Item.swift; sourceTree = "<group>"; };
		2C2351321EF436C4003B048F /* Assets.xcassets */ = {isa = PBXFileReference; lastKnownFileType = folder.assetcatalog; path = Assets.xcassets; sourceTree = "<group>"; };
		2C2351341EF43ACE003B048F /* CircleImage.swift */ = {isa = PBXFileReference; fileEncoding = 4; lastKnownFileType = sourcecode.swift; path = CircleImage.swift; sourceTree = "<group>"; };
		2C2351361EF440E9003B048F /* ItemViewVC.swift */ = {isa = PBXFileReference; fileEncoding = 4; lastKnownFileType = sourcecode.swift; path = ItemViewVC.swift; sourceTree = "<group>"; };
		2C36E8361EF308A20021EC1B /* GoogleService-Info.plist */ = {isa = PBXFileReference; fileEncoding = 4; lastKnownFileType = text.plist.xml; path = "GoogleService-Info.plist"; sourceTree = "<group>"; };
		2C4670AF1EF2F7AA004F1846 /* buysell-azusapacific-Bridging-Header.h */ = {isa = PBXFileReference; lastKnownFileType = sourcecode.c.h; path = "buysell-azusapacific-Bridging-Header.h"; sourceTree = "<group>"; };
		2C8F3C231EFB411F002DBBDB /* CameraVC.swift */ = {isa = PBXFileReference; fileEncoding = 4; lastKnownFileType = sourcecode.swift; path = CameraVC.swift; sourceTree = "<group>"; };
		2CD43AD81EF2DF88003CAF19 /* buysell-azusapacific.app */ = {isa = PBXFileReference; explicitFileType = wrapper.application; includeInIndex = 0; path = "buysell-azusapacific.app"; sourceTree = BUILT_PRODUCTS_DIR; };
		2CD43ADB1EF2DF88003CAF19 /* AppDelegate.swift */ = {isa = PBXFileReference; lastKnownFileType = sourcecode.swift; path = AppDelegate.swift; sourceTree = "<group>"; };
		2CD43ADD1EF2DF88003CAF19 /* AuthenticationVC.swift */ = {isa = PBXFileReference; lastKnownFileType = sourcecode.swift; path = AuthenticationVC.swift; sourceTree = "<group>"; };
		2CD43AE01EF2DF88003CAF19 /* Base */ = {isa = PBXFileReference; lastKnownFileType = file.storyboard; name = Base; path = Base.lproj/Main.storyboard; sourceTree = "<group>"; };
		2CD43AE51EF2DF88003CAF19 /* Base */ = {isa = PBXFileReference; lastKnownFileType = file.storyboard; name = Base; path = Base.lproj/LaunchScreen.storyboard; sourceTree = "<group>"; };
		2CD43AE71EF2DF88003CAF19 /* Info.plist */ = {isa = PBXFileReference; lastKnownFileType = text.plist.xml; path = Info.plist; sourceTree = "<group>"; };
		2CD43AEC1EF2DF88003CAF19 /* buysell-azusapacificTests.xctest */ = {isa = PBXFileReference; explicitFileType = wrapper.cfbundle; includeInIndex = 0; path = "buysell-azusapacificTests.xctest"; sourceTree = BUILT_PRODUCTS_DIR; };
		2CD43AF01EF2DF88003CAF19 /* buysell_azusapacificTests.swift */ = {isa = PBXFileReference; lastKnownFileType = sourcecode.swift; path = buysell_azusapacificTests.swift; sourceTree = "<group>"; };
		2CD43AF21EF2DF88003CAF19 /* Info.plist */ = {isa = PBXFileReference; lastKnownFileType = text.plist.xml; path = Info.plist; sourceTree = "<group>"; };
		2CD43AF71EF2DF88003CAF19 /* buysell-azusapacificUITests.xctest */ = {isa = PBXFileReference; explicitFileType = wrapper.cfbundle; includeInIndex = 0; path = "buysell-azusapacificUITests.xctest"; sourceTree = BUILT_PRODUCTS_DIR; };
		2CD43AFB1EF2DF88003CAF19 /* buysell_azusapacificUITests.swift */ = {isa = PBXFileReference; lastKnownFileType = sourcecode.swift; path = buysell_azusapacificUITests.swift; sourceTree = "<group>"; };
		2CD43AFD1EF2DF88003CAF19 /* Info.plist */ = {isa = PBXFileReference; lastKnownFileType = text.plist.xml; path = Info.plist; sourceTree = "<group>"; };
		2CDF0E951EFB4636002C8C6F /* CreateItemVC.swift */ = {isa = PBXFileReference; lastKnownFileType = sourcecode.swift; path = CreateItemVC.swift; sourceTree = "<group>"; };
		2CEB11031EF3121B00BFD9B2 /* ItemListingsVC.swift */ = {isa = PBXFileReference; fileEncoding = 4; lastKnownFileType = sourcecode.swift; path = ItemListingsVC.swift; sourceTree = "<group>"; };
		2CEB11051EF3122D00BFD9B2 /* UserProfileVC.swift */ = {isa = PBXFileReference; fileEncoding = 4; lastKnownFileType = sourcecode.swift; path = UserProfileVC.swift; sourceTree = "<group>"; };
		6491835E3D229C896BEB15A0 /* Pods-buysell-azusapacificTests.debug.xcconfig */ = {isa = PBXFileReference; includeInIndex = 1; lastKnownFileType = text.xcconfig; name = "Pods-buysell-azusapacificTests.debug.xcconfig"; path = "Pods/Target Support Files/Pods-buysell-azusapacificTests/Pods-buysell-azusapacificTests.debug.xcconfig"; sourceTree = "<group>"; };
		68EEBDFC2C591C03CA21CDE4 /* Pods-buysell-azusapacificUITests.release.xcconfig */ = {isa = PBXFileReference; includeInIndex = 1; lastKnownFileType = text.xcconfig; name = "Pods-buysell-azusapacificUITests.release.xcconfig"; path = "Pods/Target Support Files/Pods-buysell-azusapacificUITests/Pods-buysell-azusapacificUITests.release.xcconfig"; sourceTree = "<group>"; };
		7330D3E95652E9253D6F1C63 /* Pods_buysell_azusapacificTests.framework */ = {isa = PBXFileReference; explicitFileType = wrapper.framework; includeInIndex = 0; path = Pods_buysell_azusapacificTests.framework; sourceTree = BUILT_PRODUCTS_DIR; };
		7ACC62AC8DE54049A786D6C7 /* Pods-buysell-azusapacific.debug.xcconfig */ = {isa = PBXFileReference; includeInIndex = 1; lastKnownFileType = text.xcconfig; name = "Pods-buysell-azusapacific.debug.xcconfig"; path = "Pods/Target Support Files/Pods-buysell-azusapacific/Pods-buysell-azusapacific.debug.xcconfig"; sourceTree = "<group>"; };
		A16682D65D48CECF978EC6C3 /* Pods-buysell-azusapacificUITests.debug.xcconfig */ = {isa = PBXFileReference; includeInIndex = 1; lastKnownFileType = text.xcconfig; name = "Pods-buysell-azusapacificUITests.debug.xcconfig"; path = "Pods/Target Support Files/Pods-buysell-azusapacificUITests/Pods-buysell-azusapacificUITests.debug.xcconfig"; sourceTree = "<group>"; };
		BF49AC5D1F018AAB007EB388 /* Global.swift */ = {isa = PBXFileReference; lastKnownFileType = sourcecode.swift; path = Global.swift; sourceTree = "<group>"; };
		C2606851C3E93EBF791266BC /* Pods-buysell-azusapacificTests.release.xcconfig */ = {isa = PBXFileReference; includeInIndex = 1; lastKnownFileType = text.xcconfig; name = "Pods-buysell-azusapacificTests.release.xcconfig"; path = "Pods/Target Support Files/Pods-buysell-azusapacificTests/Pods-buysell-azusapacificTests.release.xcconfig"; sourceTree = "<group>"; };
		C96C80DA4E5FC6FA8C91C13E /* Pods_buysell_azusapacificUITests.framework */ = {isa = PBXFileReference; explicitFileType = wrapper.framework; includeInIndex = 0; path = Pods_buysell_azusapacificUITests.framework; sourceTree = BUILT_PRODUCTS_DIR; };
		D1FB98120D603E0B112A346B /* Pods_buysell_azusapacific.framework */ = {isa = PBXFileReference; explicitFileType = wrapper.framework; includeInIndex = 0; path = Pods_buysell_azusapacific.framework; sourceTree = BUILT_PRODUCTS_DIR; };
		E3277DA32B6912FBAA5F6CB0 /* Pods-buysell-azusapacific.release.xcconfig */ = {isa = PBXFileReference; includeInIndex = 1; lastKnownFileType = text.xcconfig; name = "Pods-buysell-azusapacific.release.xcconfig"; path = "Pods/Target Support Files/Pods-buysell-azusapacific/Pods-buysell-azusapacific.release.xcconfig"; sourceTree = "<group>"; };
/* End PBXFileReference section */

/* Begin PBXFrameworksBuildPhase section */
		2CD43AD51EF2DF88003CAF19 /* Frameworks */ = {
			isa = PBXFrameworksBuildPhase;
			buildActionMask = 2147483647;
			files = (
				F2CE0593EDFB721357B3ED36 /* Pods_buysell_azusapacific.framework in Frameworks */,
			);
			runOnlyForDeploymentPostprocessing = 0;
		};
		2CD43AE91EF2DF88003CAF19 /* Frameworks */ = {
			isa = PBXFrameworksBuildPhase;
			buildActionMask = 2147483647;
			files = (
				92BB436E101EA349C9D9FB94 /* Pods_buysell_azusapacificTests.framework in Frameworks */,
			);
			runOnlyForDeploymentPostprocessing = 0;
		};
		2CD43AF41EF2DF88003CAF19 /* Frameworks */ = {
			isa = PBXFrameworksBuildPhase;
			buildActionMask = 2147483647;
			files = (
				026CDCADF961FBA4C13A5EE1 /* Pods_buysell_azusapacificUITests.framework in Frameworks */,
			);
			runOnlyForDeploymentPostprocessing = 0;
		};
/* End PBXFrameworksBuildPhase section */

/* Begin PBXGroup section */
		2CD43ACF1EF2DF88003CAF19 = {
			isa = PBXGroup;
			children = (
				2CD43ADA1EF2DF88003CAF19 /* buysell-azusapacific */,
				2CD43AEF1EF2DF88003CAF19 /* buysell-azusapacificTests */,
				2CD43AFA1EF2DF88003CAF19 /* buysell-azusapacificUITests */,
				2CD43AD91EF2DF88003CAF19 /* Products */,
				3D50627D2E24FDFA0DCF9C75 /* Pods */,
				7B10CE312F5C14C57E39F5A9 /* Frameworks */,
			);
			sourceTree = "<group>";
		};
		2CD43AD91EF2DF88003CAF19 /* Products */ = {
			isa = PBXGroup;
			children = (
				2CD43AD81EF2DF88003CAF19 /* buysell-azusapacific.app */,
				2CD43AEC1EF2DF88003CAF19 /* buysell-azusapacificTests.xctest */,
				2CD43AF71EF2DF88003CAF19 /* buysell-azusapacificUITests.xctest */,
			);
			name = Products;
			sourceTree = "<group>";
		};
		2CD43ADA1EF2DF88003CAF19 /* buysell-azusapacific */ = {
			isa = PBXGroup;
			children = (
				2CD43B0C1EF2E942003CAF19 /* Util */,
				2CD43B0B1EF2E93F003CAF19 /* Model */,
				2CD43B0A1EF2E93A003CAF19 /* View */,
				2CD43B091EF2E933003CAF19 /* Controller */,
				2CD43ADF1EF2DF88003CAF19 /* Main.storyboard */,
				2CD43AE41EF2DF88003CAF19 /* LaunchScreen.storyboard */,
				2C2351321EF436C4003B048F /* Assets.xcassets */,
			);
			path = "buysell-azusapacific";
			sourceTree = "<group>";
		};
		2CD43AEF1EF2DF88003CAF19 /* buysell-azusapacificTests */ = {
			isa = PBXGroup;
			children = (
				2CD43AF01EF2DF88003CAF19 /* buysell_azusapacificTests.swift */,
				2CD43AF21EF2DF88003CAF19 /* Info.plist */,
			);
			path = "buysell-azusapacificTests";
			sourceTree = "<group>";
		};
		2CD43AFA1EF2DF88003CAF19 /* buysell-azusapacificUITests */ = {
			isa = PBXGroup;
			children = (
				2CD43AFB1EF2DF88003CAF19 /* buysell_azusapacificUITests.swift */,
				2CD43AFD1EF2DF88003CAF19 /* Info.plist */,
			);
			path = "buysell-azusapacificUITests";
			sourceTree = "<group>";
		};
		2CD43B091EF2E933003CAF19 /* Controller */ = {
			isa = PBXGroup;
			children = (
				2CD43ADD1EF2DF88003CAF19 /* AuthenticationVC.swift */,
				2CEB11031EF3121B00BFD9B2 /* ItemListingsVC.swift */,
				2C2351361EF440E9003B048F /* ItemViewVC.swift */,
				2CEB11051EF3122D00BFD9B2 /* UserProfileVC.swift */,
				2C8F3C231EFB411F002DBBDB /* CameraVC.swift */,
				2CDF0E951EFB4636002C8C6F /* CreateItemVC.swift */,
			);
			name = Controller;
			sourceTree = "<group>";
		};
		2CD43B0A1EF2E93A003CAF19 /* View */ = {
			isa = PBXGroup;
			children = (
				2C1327911EF340EA008ABC44 /* ItemCell.swift */,
				2C2351341EF43ACE003B048F /* CircleImage.swift */,
			);
			name = View;
			sourceTree = "<group>";
		};
		2CD43B0B1EF2E93F003CAF19 /* Model */ = {
			isa = PBXGroup;
			children = (
				2C1327931EF3494C008ABC44 /* Item.swift */,
				BF49AC5D1F018AAB007EB388 /* Global.swift */,
			);
			name = Model;
			sourceTree = "<group>";
		};
		2CD43B0C1EF2E942003CAF19 /* Util */ = {
			isa = PBXGroup;
			children = (
				2CD43ADB1EF2DF88003CAF19 /* AppDelegate.swift */,
				2CD43AE71EF2DF88003CAF19 /* Info.plist */,
				2C4670AF1EF2F7AA004F1846 /* buysell-azusapacific-Bridging-Header.h */,
				2C36E8361EF308A20021EC1B /* GoogleService-Info.plist */,
			);
			name = Util;
			sourceTree = "<group>";
		};
		3D50627D2E24FDFA0DCF9C75 /* Pods */ = {
			isa = PBXGroup;
			children = (
				7ACC62AC8DE54049A786D6C7 /* Pods-buysell-azusapacific.debug.xcconfig */,
				E3277DA32B6912FBAA5F6CB0 /* Pods-buysell-azusapacific.release.xcconfig */,
				6491835E3D229C896BEB15A0 /* Pods-buysell-azusapacificTests.debug.xcconfig */,
				C2606851C3E93EBF791266BC /* Pods-buysell-azusapacificTests.release.xcconfig */,
				A16682D65D48CECF978EC6C3 /* Pods-buysell-azusapacificUITests.debug.xcconfig */,
				68EEBDFC2C591C03CA21CDE4 /* Pods-buysell-azusapacificUITests.release.xcconfig */,
			);
			name = Pods;
			sourceTree = "<group>";
		};
		7B10CE312F5C14C57E39F5A9 /* Frameworks */ = {
			isa = PBXGroup;
			children = (
				D1FB98120D603E0B112A346B /* Pods_buysell_azusapacific.framework */,
				7330D3E95652E9253D6F1C63 /* Pods_buysell_azusapacificTests.framework */,
				C96C80DA4E5FC6FA8C91C13E /* Pods_buysell_azusapacificUITests.framework */,
			);
			name = Frameworks;
			sourceTree = "<group>";
		};
/* End PBXGroup section */

/* Begin PBXNativeTarget section */
		2CD43AD71EF2DF88003CAF19 /* buysell-azusapacific */ = {
			isa = PBXNativeTarget;
			buildConfigurationList = 2CD43B001EF2DF88003CAF19 /* Build configuration list for PBXNativeTarget "buysell-azusapacific" */;
			buildPhases = (
				220941B1DD24D29FFE941DB4 /* [CP] Check Pods Manifest.lock */,
				2CD43AD41EF2DF88003CAF19 /* Sources */,
				2CD43AD51EF2DF88003CAF19 /* Frameworks */,
				2CD43AD61EF2DF88003CAF19 /* Resources */,
				708FCBA8EB9C277088F035AE /* [CP] Embed Pods Frameworks */,
				04089804401881B654210BDC /* [CP] Copy Pods Resources */,
			);
			buildRules = (
			);
			dependencies = (
			);
			name = "buysell-azusapacific";
			productName = "buysell-azusapacific";
			productReference = 2CD43AD81EF2DF88003CAF19 /* buysell-azusapacific.app */;
			productType = "com.apple.product-type.application";
		};
		2CD43AEB1EF2DF88003CAF19 /* buysell-azusapacificTests */ = {
			isa = PBXNativeTarget;
			buildConfigurationList = 2CD43B031EF2DF88003CAF19 /* Build configuration list for PBXNativeTarget "buysell-azusapacificTests" */;
			buildPhases = (
				86ED160A927B6E6750D69651 /* [CP] Check Pods Manifest.lock */,
				2CD43AE81EF2DF88003CAF19 /* Sources */,
				2CD43AE91EF2DF88003CAF19 /* Frameworks */,
				2CD43AEA1EF2DF88003CAF19 /* Resources */,
				AE697382251D987DC344A3E2 /* [CP] Embed Pods Frameworks */,
				20031AE855CD973A1A435243 /* [CP] Copy Pods Resources */,
			);
			buildRules = (
			);
			dependencies = (
				2CD43AEE1EF2DF88003CAF19 /* PBXTargetDependency */,
			);
			name = "buysell-azusapacificTests";
			productName = "buysell-azusapacificTests";
			productReference = 2CD43AEC1EF2DF88003CAF19 /* buysell-azusapacificTests.xctest */;
			productType = "com.apple.product-type.bundle.unit-test";
		};
		2CD43AF61EF2DF88003CAF19 /* buysell-azusapacificUITests */ = {
			isa = PBXNativeTarget;
			buildConfigurationList = 2CD43B061EF2DF88003CAF19 /* Build configuration list for PBXNativeTarget "buysell-azusapacificUITests" */;
			buildPhases = (
				2B53CE24A494D81B62713D4C /* [CP] Check Pods Manifest.lock */,
				2CD43AF31EF2DF88003CAF19 /* Sources */,
				2CD43AF41EF2DF88003CAF19 /* Frameworks */,
				2CD43AF51EF2DF88003CAF19 /* Resources */,
				0A8628FBA630BD6F68C43F38 /* [CP] Embed Pods Frameworks */,
				4887D2F2E12EDFBED756D10C /* [CP] Copy Pods Resources */,
			);
			buildRules = (
			);
			dependencies = (
				2CD43AF91EF2DF88003CAF19 /* PBXTargetDependency */,
			);
			name = "buysell-azusapacificUITests";
			productName = "buysell-azusapacificUITests";
			productReference = 2CD43AF71EF2DF88003CAF19 /* buysell-azusapacificUITests.xctest */;
			productType = "com.apple.product-type.bundle.ui-testing";
		};
/* End PBXNativeTarget section */

/* Begin PBXProject section */
		2CD43AD01EF2DF88003CAF19 /* Project object */ = {
			isa = PBXProject;
			attributes = {
				LastSwiftUpdateCheck = 0830;
				LastUpgradeCheck = 0830;
				ORGANIZATIONNAME = "Kyle Nakamura (Student)";
				TargetAttributes = {
					2CD43AD71EF2DF88003CAF19 = {
						CreatedOnToolsVersion = 8.3.2;
						DevelopmentTeam = 7GDSF452LB;
						LastSwiftMigration = 0830;
						ProvisioningStyle = Automatic;
					};
					2CD43AEB1EF2DF88003CAF19 = {
						CreatedOnToolsVersion = 8.3.2;
						LastSwiftMigration = 0830;
						ProvisioningStyle = Automatic;
						TestTargetID = 2CD43AD71EF2DF88003CAF19;
					};
					2CD43AF61EF2DF88003CAF19 = {
						CreatedOnToolsVersion = 8.3.2;
						LastSwiftMigration = 0830;
						ProvisioningStyle = Automatic;
						TestTargetID = 2CD43AD71EF2DF88003CAF19;
					};
				};
			};
			buildConfigurationList = 2CD43AD31EF2DF88003CAF19 /* Build configuration list for PBXProject "buysell-azusapacific" */;
			compatibilityVersion = "Xcode 3.2";
			developmentRegion = English;
			hasScannedForEncodings = 0;
			knownRegions = (
				en,
				Base,
			);
			mainGroup = 2CD43ACF1EF2DF88003CAF19;
			productRefGroup = 2CD43AD91EF2DF88003CAF19 /* Products */;
			projectDirPath = "";
			projectRoot = "";
			targets = (
				2CD43AD71EF2DF88003CAF19 /* buysell-azusapacific */,
				2CD43AEB1EF2DF88003CAF19 /* buysell-azusapacificTests */,
				2CD43AF61EF2DF88003CAF19 /* buysell-azusapacificUITests */,
			);
		};
/* End PBXProject section */

/* Begin PBXResourcesBuildPhase section */
		2CD43AD61EF2DF88003CAF19 /* Resources */ = {
			isa = PBXResourcesBuildPhase;
			buildActionMask = 2147483647;
			files = (
				2CD43AE61EF2DF88003CAF19 /* LaunchScreen.storyboard in Resources */,
				2C36E8371EF308A20021EC1B /* GoogleService-Info.plist in Resources */,
				2C2351331EF436C4003B048F /* Assets.xcassets in Resources */,
				2CD43AE11EF2DF88003CAF19 /* Main.storyboard in Resources */,
			);
			runOnlyForDeploymentPostprocessing = 0;
		};
		2CD43AEA1EF2DF88003CAF19 /* Resources */ = {
			isa = PBXResourcesBuildPhase;
			buildActionMask = 2147483647;
			files = (
			);
			runOnlyForDeploymentPostprocessing = 0;
		};
		2CD43AF51EF2DF88003CAF19 /* Resources */ = {
			isa = PBXResourcesBuildPhase;
			buildActionMask = 2147483647;
			files = (
			);
			runOnlyForDeploymentPostprocessing = 0;
		};
/* End PBXResourcesBuildPhase section */

/* Begin PBXShellScriptBuildPhase section */
		04089804401881B654210BDC /* [CP] Copy Pods Resources */ = {
			isa = PBXShellScriptBuildPhase;
			buildActionMask = 2147483647;
			files = (
			);
			inputPaths = (
			);
			name = "[CP] Copy Pods Resources";
			outputPaths = (
			);
			runOnlyForDeploymentPostprocessing = 0;
			shellPath = /bin/sh;
			shellScript = "\"${SRCROOT}/Pods/Target Support Files/Pods-buysell-azusapacific/Pods-buysell-azusapacific-resources.sh\"\n";
			showEnvVarsInLog = 0;
		};
		0A8628FBA630BD6F68C43F38 /* [CP] Embed Pods Frameworks */ = {
			isa = PBXShellScriptBuildPhase;
			buildActionMask = 2147483647;
			files = (
			);
			inputPaths = (
			);
			name = "[CP] Embed Pods Frameworks";
			outputPaths = (
			);
			runOnlyForDeploymentPostprocessing = 0;
			shellPath = /bin/sh;
			shellScript = "\"${SRCROOT}/Pods/Target Support Files/Pods-buysell-azusapacificUITests/Pods-buysell-azusapacificUITests-frameworks.sh\"\n";
			showEnvVarsInLog = 0;
		};
		20031AE855CD973A1A435243 /* [CP] Copy Pods Resources */ = {
			isa = PBXShellScriptBuildPhase;
			buildActionMask = 2147483647;
			files = (
			);
			inputPaths = (
			);
			name = "[CP] Copy Pods Resources";
			outputPaths = (
			);
			runOnlyForDeploymentPostprocessing = 0;
			shellPath = /bin/sh;
			shellScript = "\"${SRCROOT}/Pods/Target Support Files/Pods-buysell-azusapacificTests/Pods-buysell-azusapacificTests-resources.sh\"\n";
			showEnvVarsInLog = 0;
		};
		220941B1DD24D29FFE941DB4 /* [CP] Check Pods Manifest.lock */ = {
			isa = PBXShellScriptBuildPhase;
			buildActionMask = 2147483647;
			files = (
			);
			inputPaths = (
			);
			name = "[CP] Check Pods Manifest.lock";
			outputPaths = (
			);
			runOnlyForDeploymentPostprocessing = 0;
			shellPath = /bin/sh;
			shellScript = "diff \"${PODS_PODFILE_DIR_PATH}/Podfile.lock\" \"${PODS_ROOT}/Manifest.lock\" > /dev/null\nif [ $? != 0 ] ; then\n    # print error to STDERR\n    echo \"error: The sandbox is not in sync with the Podfile.lock. Run 'pod install' or update your CocoaPods installation.\" >&2\n    exit 1\nfi\n";
			showEnvVarsInLog = 0;
		};
		2B53CE24A494D81B62713D4C /* [CP] Check Pods Manifest.lock */ = {
			isa = PBXShellScriptBuildPhase;
			buildActionMask = 2147483647;
			files = (
			);
			inputPaths = (
			);
			name = "[CP] Check Pods Manifest.lock";
			outputPaths = (
			);
			runOnlyForDeploymentPostprocessing = 0;
			shellPath = /bin/sh;
			shellScript = "diff \"${PODS_PODFILE_DIR_PATH}/Podfile.lock\" \"${PODS_ROOT}/Manifest.lock\" > /dev/null\nif [ $? != 0 ] ; then\n    # print error to STDERR\n    echo \"error: The sandbox is not in sync with the Podfile.lock. Run 'pod install' or update your CocoaPods installation.\" >&2\n    exit 1\nfi\n";
			showEnvVarsInLog = 0;
		};
		4887D2F2E12EDFBED756D10C /* [CP] Copy Pods Resources */ = {
			isa = PBXShellScriptBuildPhase;
			buildActionMask = 2147483647;
			files = (
			);
			inputPaths = (
			);
			name = "[CP] Copy Pods Resources";
			outputPaths = (
			);
			runOnlyForDeploymentPostprocessing = 0;
			shellPath = /bin/sh;
			shellScript = "\"${SRCROOT}/Pods/Target Support Files/Pods-buysell-azusapacificUITests/Pods-buysell-azusapacificUITests-resources.sh\"\n";
			showEnvVarsInLog = 0;
		};
		708FCBA8EB9C277088F035AE /* [CP] Embed Pods Frameworks */ = {
			isa = PBXShellScriptBuildPhase;
			buildActionMask = 2147483647;
			files = (
			);
			inputPaths = (
			);
			name = "[CP] Embed Pods Frameworks";
			outputPaths = (
			);
			runOnlyForDeploymentPostprocessing = 0;
			shellPath = /bin/sh;
			shellScript = "\"${SRCROOT}/Pods/Target Support Files/Pods-buysell-azusapacific/Pods-buysell-azusapacific-frameworks.sh\"\n";
			showEnvVarsInLog = 0;
		};
		86ED160A927B6E6750D69651 /* [CP] Check Pods Manifest.lock */ = {
			isa = PBXShellScriptBuildPhase;
			buildActionMask = 2147483647;
			files = (
			);
			inputPaths = (
			);
			name = "[CP] Check Pods Manifest.lock";
			outputPaths = (
			);
			runOnlyForDeploymentPostprocessing = 0;
			shellPath = /bin/sh;
			shellScript = "diff \"${PODS_PODFILE_DIR_PATH}/Podfile.lock\" \"${PODS_ROOT}/Manifest.lock\" > /dev/null\nif [ $? != 0 ] ; then\n    # print error to STDERR\n    echo \"error: The sandbox is not in sync with the Podfile.lock. Run 'pod install' or update your CocoaPods installation.\" >&2\n    exit 1\nfi\n";
			showEnvVarsInLog = 0;
		};
		AE697382251D987DC344A3E2 /* [CP] Embed Pods Frameworks */ = {
			isa = PBXShellScriptBuildPhase;
			buildActionMask = 2147483647;
			files = (
			);
			inputPaths = (
			);
			name = "[CP] Embed Pods Frameworks";
			outputPaths = (
			);
			runOnlyForDeploymentPostprocessing = 0;
			shellPath = /bin/sh;
			shellScript = "\"${SRCROOT}/Pods/Target Support Files/Pods-buysell-azusapacificTests/Pods-buysell-azusapacificTests-frameworks.sh\"\n";
			showEnvVarsInLog = 0;
		};
/* End PBXShellScriptBuildPhase section */

/* Begin PBXSourcesBuildPhase section */
		2CD43AD41EF2DF88003CAF19 /* Sources */ = {
			isa = PBXSourcesBuildPhase;
			buildActionMask = 2147483647;
			files = (
				2CD43ADE1EF2DF88003CAF19 /* AuthenticationVC.swift in Sources */,
				2C8F3C241EFB411F002DBBDB /* CameraVC.swift in Sources */,
				2CD43ADC1EF2DF88003CAF19 /* AppDelegate.swift in Sources */,
				2CEB11041EF3121B00BFD9B2 /* ItemListingsVC.swift in Sources */,
				2C2351351EF43ACE003B048F /* CircleImage.swift in Sources */,
				2CEB11061EF3122D00BFD9B2 /* UserProfileVC.swift in Sources */,
				BF49AC5E1F018AAB007EB388 /* Global.swift in Sources */,
				2C1327941EF3494C008ABC44 /* Item.swift in Sources */,
				2CDF0E961EFB4637002C8C6F /* CreateItemVC.swift in Sources */,
				2C2351371EF440E9003B048F /* ItemViewVC.swift in Sources */,
				2C1327921EF340EA008ABC44 /* ItemCell.swift in Sources */,
			);
			runOnlyForDeploymentPostprocessing = 0;
		};
		2CD43AE81EF2DF88003CAF19 /* Sources */ = {
			isa = PBXSourcesBuildPhase;
			buildActionMask = 2147483647;
			files = (
				2CD43AF11EF2DF88003CAF19 /* buysell_azusapacificTests.swift in Sources */,
			);
			runOnlyForDeploymentPostprocessing = 0;
		};
		2CD43AF31EF2DF88003CAF19 /* Sources */ = {
			isa = PBXSourcesBuildPhase;
			buildActionMask = 2147483647;
			files = (
				2CD43AFC1EF2DF88003CAF19 /* buysell_azusapacificUITests.swift in Sources */,
			);
			runOnlyForDeploymentPostprocessing = 0;
		};
/* End PBXSourcesBuildPhase section */

/* Begin PBXTargetDependency section */
		2CD43AEE1EF2DF88003CAF19 /* PBXTargetDependency */ = {
			isa = PBXTargetDependency;
			target = 2CD43AD71EF2DF88003CAF19 /* buysell-azusapacific */;
			targetProxy = 2CD43AED1EF2DF88003CAF19 /* PBXContainerItemProxy */;
		};
		2CD43AF91EF2DF88003CAF19 /* PBXTargetDependency */ = {
			isa = PBXTargetDependency;
			target = 2CD43AD71EF2DF88003CAF19 /* buysell-azusapacific */;
			targetProxy = 2CD43AF81EF2DF88003CAF19 /* PBXContainerItemProxy */;
		};
/* End PBXTargetDependency section */

/* Begin PBXVariantGroup section */
		2CD43ADF1EF2DF88003CAF19 /* Main.storyboard */ = {
			isa = PBXVariantGroup;
			children = (
				2CD43AE01EF2DF88003CAF19 /* Base */,
			);
			name = Main.storyboard;
			sourceTree = "<group>";
		};
		2CD43AE41EF2DF88003CAF19 /* LaunchScreen.storyboard */ = {
			isa = PBXVariantGroup;
			children = (
				2CD43AE51EF2DF88003CAF19 /* Base */,
			);
			name = LaunchScreen.storyboard;
			sourceTree = "<group>";
		};
/* End PBXVariantGroup section */

/* Begin XCBuildConfiguration section */
		2CD43AFE1EF2DF88003CAF19 /* Debug */ = {
			isa = XCBuildConfiguration;
			buildSettings = {
				ALWAYS_SEARCH_USER_PATHS = NO;
				CLANG_ANALYZER_NONNULL = YES;
				CLANG_ANALYZER_NUMBER_OBJECT_CONVERSION = YES_AGGRESSIVE;
				CLANG_CXX_LANGUAGE_STANDARD = "gnu++0x";
				CLANG_CXX_LIBRARY = "libc++";
				CLANG_ENABLE_MODULES = YES;
				CLANG_ENABLE_OBJC_ARC = YES;
				CLANG_WARN_BOOL_CONVERSION = YES;
				CLANG_WARN_CONSTANT_CONVERSION = YES;
				CLANG_WARN_DIRECT_OBJC_ISA_USAGE = YES_ERROR;
				CLANG_WARN_DOCUMENTATION_COMMENTS = YES;
				CLANG_WARN_EMPTY_BODY = YES;
				CLANG_WARN_ENUM_CONVERSION = YES;
				CLANG_WARN_INFINITE_RECURSION = YES;
				CLANG_WARN_INT_CONVERSION = YES;
				CLANG_WARN_OBJC_ROOT_CLASS = YES_ERROR;
				CLANG_WARN_SUSPICIOUS_MOVE = YES;
				CLANG_WARN_UNREACHABLE_CODE = YES;
				CLANG_WARN__DUPLICATE_METHOD_MATCH = YES;
				"CODE_SIGN_IDENTITY[sdk=iphoneos*]" = "iPhone Developer";
				COPY_PHASE_STRIP = NO;
				DEBUG_INFORMATION_FORMAT = dwarf;
				ENABLE_STRICT_OBJC_MSGSEND = YES;
				ENABLE_TESTABILITY = YES;
				GCC_C_LANGUAGE_STANDARD = gnu99;
				GCC_DYNAMIC_NO_PIC = NO;
				GCC_NO_COMMON_BLOCKS = YES;
				GCC_OPTIMIZATION_LEVEL = 0;
				GCC_PREPROCESSOR_DEFINITIONS = (
					"DEBUG=1",
					"$(inherited)",
				);
				GCC_WARN_64_TO_32_BIT_CONVERSION = YES;
				GCC_WARN_ABOUT_RETURN_TYPE = YES_ERROR;
				GCC_WARN_UNDECLARED_SELECTOR = YES;
				GCC_WARN_UNINITIALIZED_AUTOS = YES_AGGRESSIVE;
				GCC_WARN_UNUSED_FUNCTION = YES;
				GCC_WARN_UNUSED_VARIABLE = YES;
				IPHONEOS_DEPLOYMENT_TARGET = 10.3;
				MTL_ENABLE_DEBUG_INFO = YES;
				ONLY_ACTIVE_ARCH = YES;
				SDKROOT = iphoneos;
				SWIFT_ACTIVE_COMPILATION_CONDITIONS = DEBUG;
				SWIFT_OPTIMIZATION_LEVEL = "-Onone";
				TARGETED_DEVICE_FAMILY = "1,2";
			};
			name = Debug;
		};
		2CD43AFF1EF2DF88003CAF19 /* Release */ = {
			isa = XCBuildConfiguration;
			buildSettings = {
				ALWAYS_SEARCH_USER_PATHS = NO;
				CLANG_ANALYZER_NONNULL = YES;
				CLANG_ANALYZER_NUMBER_OBJECT_CONVERSION = YES_AGGRESSIVE;
				CLANG_CXX_LANGUAGE_STANDARD = "gnu++0x";
				CLANG_CXX_LIBRARY = "libc++";
				CLANG_ENABLE_MODULES = YES;
				CLANG_ENABLE_OBJC_ARC = YES;
				CLANG_WARN_BOOL_CONVERSION = YES;
				CLANG_WARN_CONSTANT_CONVERSION = YES;
				CLANG_WARN_DIRECT_OBJC_ISA_USAGE = YES_ERROR;
				CLANG_WARN_DOCUMENTATION_COMMENTS = YES;
				CLANG_WARN_EMPTY_BODY = YES;
				CLANG_WARN_ENUM_CONVERSION = YES;
				CLANG_WARN_INFINITE_RECURSION = YES;
				CLANG_WARN_INT_CONVERSION = YES;
				CLANG_WARN_OBJC_ROOT_CLASS = YES_ERROR;
				CLANG_WARN_SUSPICIOUS_MOVE = YES;
				CLANG_WARN_UNREACHABLE_CODE = YES;
				CLANG_WARN__DUPLICATE_METHOD_MATCH = YES;
				"CODE_SIGN_IDENTITY[sdk=iphoneos*]" = "iPhone Developer";
				COPY_PHASE_STRIP = NO;
				DEBUG_INFORMATION_FORMAT = "dwarf-with-dsym";
				ENABLE_NS_ASSERTIONS = NO;
				ENABLE_STRICT_OBJC_MSGSEND = YES;
				GCC_C_LANGUAGE_STANDARD = gnu99;
				GCC_NO_COMMON_BLOCKS = YES;
				GCC_WARN_64_TO_32_BIT_CONVERSION = YES;
				GCC_WARN_ABOUT_RETURN_TYPE = YES_ERROR;
				GCC_WARN_UNDECLARED_SELECTOR = YES;
				GCC_WARN_UNINITIALIZED_AUTOS = YES_AGGRESSIVE;
				GCC_WARN_UNUSED_FUNCTION = YES;
				GCC_WARN_UNUSED_VARIABLE = YES;
				IPHONEOS_DEPLOYMENT_TARGET = 10.3;
				MTL_ENABLE_DEBUG_INFO = NO;
				SDKROOT = iphoneos;
				SWIFT_OPTIMIZATION_LEVEL = "-Owholemodule";
				TARGETED_DEVICE_FAMILY = "1,2";
				VALIDATE_PRODUCT = YES;
			};
			name = Release;
		};
		2CD43B011EF2DF88003CAF19 /* Debug */ = {
			isa = XCBuildConfiguration;
			baseConfigurationReference = 7ACC62AC8DE54049A786D6C7 /* Pods-buysell-azusapacific.debug.xcconfig */;
			buildSettings = {
				ASSETCATALOG_COMPILER_APPICON_NAME = AppIcon;
				DEVELOPMENT_TEAM = 7GDSF452LB;
				INFOPLIST_FILE = "buysell-azusapacific/Info.plist";
				IPHONEOS_DEPLOYMENT_TARGET = 10.0;
				LD_RUNPATH_SEARCH_PATHS = "$(inherited) @executable_path/Frameworks";
				PRODUCT_BUNDLE_IDENTIFIER = "com.nakamura.buysell-azusapacific";
				PRODUCT_NAME = "$(TARGET_NAME)";
				SWIFT_VERSION = 3.0;
				TARGETED_DEVICE_FAMILY = 1;
			};
			name = Debug;
		};
		2CD43B021EF2DF88003CAF19 /* Release */ = {
			isa = XCBuildConfiguration;
			baseConfigurationReference = E3277DA32B6912FBAA5F6CB0 /* Pods-buysell-azusapacific.release.xcconfig */;
			buildSettings = {
				ASSETCATALOG_COMPILER_APPICON_NAME = AppIcon;
				DEVELOPMENT_TEAM = 7GDSF452LB;
				INFOPLIST_FILE = "buysell-azusapacific/Info.plist";
				IPHONEOS_DEPLOYMENT_TARGET = 10.0;
				LD_RUNPATH_SEARCH_PATHS = "$(inherited) @executable_path/Frameworks";
				PRODUCT_BUNDLE_IDENTIFIER = "com.nakamura.buysell-azusapacific";
				PRODUCT_NAME = "$(TARGET_NAME)";
				SWIFT_VERSION = 3.0;
				TARGETED_DEVICE_FAMILY = 1;
			};
			name = Release;
		};
		2CD43B041EF2DF88003CAF19 /* Debug */ = {
			isa = XCBuildConfiguration;
			baseConfigurationReference = 6491835E3D229C896BEB15A0 /* Pods-buysell-azusapacificTests.debug.xcconfig */;
			buildSettings = {
				ALWAYS_EMBED_SWIFT_STANDARD_LIBRARIES = YES;
				BUNDLE_LOADER = "$(TEST_HOST)";
				INFOPLIST_FILE = "buysell-azusapacificTests/Info.plist";
				LD_RUNPATH_SEARCH_PATHS = "$(inherited) @executable_path/Frameworks @loader_path/Frameworks";
				PRODUCT_BUNDLE_IDENTIFIER = "com.nakamura.buysell-azusapacificTests";
				PRODUCT_NAME = "$(TARGET_NAME)";
				SWIFT_VERSION = 3.0;
				TEST_HOST = "$(BUILT_PRODUCTS_DIR)/buysell-azusapacific.app/buysell-azusapacific";
			};
			name = Debug;
		};
		2CD43B051EF2DF88003CAF19 /* Release */ = {
			isa = XCBuildConfiguration;
			baseConfigurationReference = C2606851C3E93EBF791266BC /* Pods-buysell-azusapacificTests.release.xcconfig */;
			buildSettings = {
				ALWAYS_EMBED_SWIFT_STANDARD_LIBRARIES = YES;
				BUNDLE_LOADER = "$(TEST_HOST)";
				INFOPLIST_FILE = "buysell-azusapacificTests/Info.plist";
				LD_RUNPATH_SEARCH_PATHS = "$(inherited) @executable_path/Frameworks @loader_path/Frameworks";
				PRODUCT_BUNDLE_IDENTIFIER = "com.nakamura.buysell-azusapacificTests";
				PRODUCT_NAME = "$(TARGET_NAME)";
				SWIFT_VERSION = 3.0;
				TEST_HOST = "$(BUILT_PRODUCTS_DIR)/buysell-azusapacific.app/buysell-azusapacific";
			};
			name = Release;
		};
		2CD43B071EF2DF88003CAF19 /* Debug */ = {
			isa = XCBuildConfiguration;
			baseConfigurationReference = A16682D65D48CECF978EC6C3 /* Pods-buysell-azusapacificUITests.debug.xcconfig */;
			buildSettings = {
				ALWAYS_EMBED_SWIFT_STANDARD_LIBRARIES = YES;
				INFOPLIST_FILE = "buysell-azusapacificUITests/Info.plist";
				LD_RUNPATH_SEARCH_PATHS = "$(inherited) @executable_path/Frameworks @loader_path/Frameworks";
				PRODUCT_BUNDLE_IDENTIFIER = "com.nakamura.buysell-azusapacificUITests";
				PRODUCT_NAME = "$(TARGET_NAME)";
				SWIFT_VERSION = 3.0;
				TEST_TARGET_NAME = "buysell-azusapacific";
			};
			name = Debug;
		};
		2CD43B081EF2DF88003CAF19 /* Release */ = {
			isa = XCBuildConfiguration;
			baseConfigurationReference = 68EEBDFC2C591C03CA21CDE4 /* Pods-buysell-azusapacificUITests.release.xcconfig */;
			buildSettings = {
				ALWAYS_EMBED_SWIFT_STANDARD_LIBRARIES = YES;
				INFOPLIST_FILE = "buysell-azusapacificUITests/Info.plist";
				LD_RUNPATH_SEARCH_PATHS = "$(inherited) @executable_path/Frameworks @loader_path/Frameworks";
				PRODUCT_BUNDLE_IDENTIFIER = "com.nakamura.buysell-azusapacificUITests";
				PRODUCT_NAME = "$(TARGET_NAME)";
				SWIFT_VERSION = 3.0;
				TEST_TARGET_NAME = "buysell-azusapacific";
			};
			name = Release;
		};
/* End XCBuildConfiguration section */

/* Begin XCConfigurationList section */
		2CD43AD31EF2DF88003CAF19 /* Build configuration list for PBXProject "buysell-azusapacific" */ = {
			isa = XCConfigurationList;
			buildConfigurations = (
				2CD43AFE1EF2DF88003CAF19 /* Debug */,
				2CD43AFF1EF2DF88003CAF19 /* Release */,
			);
			defaultConfigurationIsVisible = 0;
			defaultConfigurationName = Release;
		};
		2CD43B001EF2DF88003CAF19 /* Build configuration list for PBXNativeTarget "buysell-azusapacific" */ = {
			isa = XCConfigurationList;
			buildConfigurations = (
				2CD43B011EF2DF88003CAF19 /* Debug */,
				2CD43B021EF2DF88003CAF19 /* Release */,
			);
			defaultConfigurationIsVisible = 0;
			defaultConfigurationName = Release;
		};
		2CD43B031EF2DF88003CAF19 /* Build configuration list for PBXNativeTarget "buysell-azusapacificTests" */ = {
			isa = XCConfigurationList;
			buildConfigurations = (
				2CD43B041EF2DF88003CAF19 /* Debug */,
				2CD43B051EF2DF88003CAF19 /* Release */,
			);
			defaultConfigurationIsVisible = 0;
			defaultConfigurationName = Release;
		};
		2CD43B061EF2DF88003CAF19 /* Build configuration list for PBXNativeTarget "buysell-azusapacificUITests" */ = {
			isa = XCConfigurationList;
			buildConfigurations = (
				2CD43B071EF2DF88003CAF19 /* Debug */,
				2CD43B081EF2DF88003CAF19 /* Release */,
			);
			defaultConfigurationIsVisible = 0;
			defaultConfigurationName = Release;
		};
/* End XCConfigurationList section */
	};
	rootObject = 2CD43AD01EF2DF88003CAF19 /* Project object */;
}
